Microsoft Visual Studio Solution File, Format Version 12.00
# Visual Studio Version 17
VisualStudioVersion = 17.5.2.0
MinimumVisualStudioVersion = 10.0.40219.1
Project("{FAE04EC0-301F-11D3-BF4B-00C04F79EFBC}") = "Kontakter.Server", "Kontakter.Server.csproj", "{11FB2992-0F48-3A84-1917-08D6A2711F76}"
EndProject
Global
	GlobalSection(SolutionConfigurationPlatforms) = preSolution
		Debug|Any CPU = Debug|Any CPU
		Release|Any CPU = Release|Any CPU
	EndGlobalSection
	GlobalSection(ProjectConfigurationPlatforms) = postSolution
		{11FB2992-0F48-3A84-1917-08D6A2711F76}.Debug|Any CPU.ActiveCfg = Debug|Any CPU
		{11FB2992-0F48-3A84-1917-08D6A2711F76}.Debug|Any CPU.Build.0 = Debug|Any CPU
		{11FB2992-0F48-3A84-1917-08D6A2711F76}.Release|Any CPU.ActiveCfg = Release|Any CPU
		{11FB2992-0F48-3A84-1917-08D6A2711F76}.Release|Any CPU.Build.0 = Release|Any CPU
	EndGlobalSection
	GlobalSection(SolutionProperties) = preSolution
		HideSolutionNode = FALSE
	EndGlobalSection
	GlobalSection(ExtensibilityGlobals) = postSolution
		SolutionGuid = {858F9FA9-25CE-4490-9BC7-00F7B89799FD}
	EndGlobalSection
EndGlobal
